sdk: ^2.0.0-alpha.64
prefixes:
  ar: pkg-ar
  cli: pkg-cli
  fs: fs
  host: pkg-host
packages:
  fs:
    path: ../fs
    prefixes:
      host: pkg-host
  pkg-ar:
    url: github.com/toitlang/pkg-ar
    name: ar
    version: 1.0.1
    hash: 0f32219787c63521fc5690bbb716fc19cc40f5da
  pkg-cli:
    url: github.com/toitlang/pkg-cli
    name: cli
    version: 1.2.0
    hash: 0e2adab3ab434c597be60438ccf64008f703ad9c
  pkg-host:
    url: github.com/toitlang/pkg-host
    name: host
    version: 1.10.0
    hash: e1c11a0e0bf65fe810520e8d893e554a8fe33b78
