sdk: ^2.0.0-alpha.120
prefixes:
  ar: pkg-ar
  cli: pkg-cli
  fs: pkg-fs
  host: pkg-host
packages:
  pkg-ar:
    url: github.com/toitlang/pkg-ar
    name: ar
    version: 1.0.1
    hash: 0f32219787c63521fc5690bbb716fc19cc40f5da
  pkg-cli:
    url: github.com/toitlang/pkg-cli
    name: cli
    version: 1.2.0
    hash: 0e2adab3ab434c597be60438ccf64008f703ad9c
  pkg-fs:
    url: github.com/toitlang/pkg-fs
    name: fs
    version: 1.0.0
    hash: c816c85022a155f37a4396455da9b27595050de1
    prefixes:
      host: pkg-host
  pkg-host:
    url: github.com/toitlang/pkg-host
    name: host
    version: 1.11.0
    hash: 7e7df6ac70d98a02f232185add81a06cec0d77e8
