sdk: ^1.6.10
prefixes:
  host: pkg-host
  http: pkg-http
packages:
  pkg-host:
    url: github.com/toitlang/pkg-host
    version: 1.8.1
    hash: 7f0cc4280065fb18ee09d3803f12180cec852d32
  pkg-http:
    url: github.com/toitlang/pkg-http
    version: 1.9.3
    hash: 108c436cc990535f5d70c380ef68081c38840f4c
