sdk: ^2.0.0-alpha.161
prefixes:
  cli: pkg-cli
  http: pkg-http
packages:
  pkg-cli:
    url: github.com/toitlang/pkg-cli
    name: cli
    version: 2.0.0
    hash: f893664723411d328ef1f8b275bc456274a1b6db
    prefixes:
      fs: pkg-fs
      host: pkg-host
  pkg-fs:
    url: github.com/toitlang/pkg-fs
    name: fs
    version: 2.3.1
    hash: 60836d4500317af2093d59d50c117d612c33f1fa
    prefixes:
      host: pkg-host
  pkg-host:
    url: github.com/toitlang/pkg-host
    name: host
    version: 1.15.2
    hash: b8a12cb7702d10b76c1d1e888303537d7b87a7f3
  pkg-http:
    url: github.com/toitlang/pkg-http
    name: http
    version: 2.7.2
    hash: 614dd0f374e70aab09f12e9466a35b779b9a8d63
