sdk: ^2.0.0-alpha.79
prefixes:
  ar: pkg-ar
  artemis: toit-artemis
  certificate_roots: toit-cert-roots
  cli: pkg-cli
  fs: fs
  host: pkg-host
  http: pkg-http
  ntp: pkg-ntp
  protobuf: toit-protobuf
  semver: toit-semver
  snapshot: snapshot
  supabase: toit-supabase
packages:
  fs:
    path: tools/fs
    prefixes:
      host: pkg-host
  pkg-ar:
    url: github.com/toitlang/pkg-ar
    version: 1.0.0
    hash: 175bcdfd59b2597c0825ef8765a20498a7e6a2db
  pkg-cli:
    url: github.com/toitlang/pkg-cli
    version: 1.2.0
    hash: 0e2adab3ab434c597be60438ccf64008f703ad9c
  pkg-host:
    url: github.com/toitlang/pkg-host
    version: 1.9.0
    hash: 76e4dc5328a5c3739e97f65ed196d05058071359
  pkg-http:
    url: github.com/toitlang/pkg-http
    version: 2.3.3
    hash: 1e9de1eade90e9dbe0bab62a11c7bcc9914664d0
  pkg-ntp:
    url: github.com/toitlang/pkg-ntp
    version: 1.0.0
    hash: 1c3cc4a4819f459393f00efc576f66f838665719
  snapshot:
    path: tools/snapshot
    prefixes:
      ar: pkg-ar
      cli: pkg-cli
      fs: fs
      host: pkg-host
  toit-artemis:
    url: github.com/toitware/toit-artemis
    version: 0.1.1
    hash: 6e9a5abce9499a47bfd97277dae6ab71f1c65849
  toit-cert-roots:
    url: github.com/toitware/toit-cert-roots
    version: 1.5.0
    hash: 27a9f9ff3d337b6128e98e220126e3cc275bcd73
  toit-protobuf:
    url: github.com/toitware/toit-protobuf
    version: 1.1.1
    hash: 4a67d1e3bf164c411c312a3d7528f24dd7da0583
  toit-semver:
    url: github.com/toitware/toit-semver
    version: 1.0.0
    hash: b416c5a542287a8cdbb86398fdb452eaad4f55f8
  toit-supabase:
    url: github.com/toitware/toit-supabase
    version: 0.2.0
    hash: 06f434e8e35705063965320639c0d8299a95c995
    prefixes:
      host: pkg-host
      http: pkg-http
