sdk: ^2.0.0-alpha.91
prefixes:
  ar: pkg-ar
  artemis: toit-artemis
  certificate_roots: toit-cert-roots
  cli: pkg-cli
  fs: fs
  host: pkg-host
  http: pkg-http
  ntp: pkg-ntp
  semver: toit-semver
  snapshot: snapshot
  supabase: toit-supabase
packages:
  fs:
    path: tools/fs
    prefixes:
      host: pkg-host
  pkg-ar:
    url: github.com/toitlang/pkg-ar
    name: ar
    version: 1.0.1
    hash: 0f32219787c63521fc5690bbb716fc19cc40f5da
  pkg-cli:
    url: github.com/toitlang/pkg-cli
    name: cli
    version: 1.2.0
    hash: 0e2adab3ab434c597be60438ccf64008f703ad9c
  pkg-host:
    url: github.com/toitlang/pkg-host
    name: host
    version: 1.10.0
    hash: e1c11a0e0bf65fe810520e8d893e554a8fe33b78
  pkg-http:
    url: github.com/toitlang/pkg-http
    name: http
    version: 2.3.4
    hash: 39fe52083b4c745cc37420649a48277b45728fd2
  pkg-ntp:
    url: github.com/toitlang/pkg-ntp
    name: ntp
    version: 1.0.0
    hash: 1c3cc4a4819f459393f00efc576f66f838665719
  snapshot:
    path: tools/snapshot
    prefixes:
      ar: pkg-ar
      cli: pkg-cli
      fs: fs
      host: pkg-host
  toit-artemis:
    url: github.com/toitware/toit-artemis
    name: artemis
    version: 0.1.1
    hash: 6e9a5abce9499a47bfd97277dae6ab71f1c65849
  toit-cert-roots:
    url: github.com/toitware/toit-cert-roots
    name: certificate_roots
    version: 1.6.1
    hash: 55d3be82ed53d8d332338b2de931865cf69fe48b
  toit-semver:
    url: github.com/toitware/toit-semver
    name: semver
    version: 1.1.0
    hash: a681bad211f7d4803dfdc2a0068706559458274e
  toit-supabase:
    url: github.com/toitware/toit-supabase
    name: supabase
    version: 0.2.3
    hash: 459a26f8ee66f6965c8b0c5996a2d141d2b89056
    prefixes:
      host: pkg-host
      http: pkg-http
