prefixes:
  artemis: ..
packages:
  ..:
    path: ..
    prefixes:
      ar: pkg-ar
      host: pkg-host
      mqtt: mqtt
      ntp: pkg-ntp
  mqtt:
    url: github.com/toitware/mqtt
    version: 2.0.4
    hash: 81cd43e7383eccdbf07360cda3d03e9b862fa280
  pkg-ar:
    url: github.com/toitlang/pkg-ar
    version: 1.0.0
    hash: 175bcdfd59b2597c0825ef8765a20498a7e6a2db
  pkg-host:
    url: github.com/toitlang/pkg-host
    version: 1.7.1
    hash: 6b017ad10563263080bba6acde387ceebc13270b
  pkg-ntp:
    url: github.com/toitlang/pkg-ntp
    version: 1.0.0
    hash: 1c3cc4a4819f459393f00efc576f66f838665719
