sdk: ^2.0.0-alpha.79
prefixes:
  ar: pkg-ar
  artemis: ..
  certificate_roots: toit-cert-roots
  cli: pkg-cli
  fs: fs
  host: pkg-host
  http: pkg-http
  snapshot: snapshot
  supabase: toit-supabase
packages:
  ..:
    path: ..
    prefixes:
      ar: pkg-ar
      artemis: toit-artemis
      certificate_roots: toit-cert-roots
      cli: pkg-cli
      fs: fs
      host: pkg-host
      http: pkg-http
      ntp: pkg-ntp
      protobuf: toit-protobuf
      semver: semver
      snapshot: snapshot
      supabase: toit-supabase
  fs:
    path: ../tools/fs
    prefixes:
      host: pkg-host
  pkg-ar:
    url: github.com/toitlang/pkg-ar
    version: 1.0.0
    hash: 175bcdfd59b2597c0825ef8765a20498a7e6a2db
  pkg-cli:
    url: github.com/toitlang/pkg-cli
    version: 1.2.0
    hash: 0e2adab3ab434c597be60438ccf64008f703ad9c
  pkg-host:
    url: github.com/toitlang/pkg-host
    version: 1.9.0
    hash: 76e4dc5328a5c3739e97f65ed196d05058071359
  pkg-http:
    url: github.com/toitlang/pkg-http
    version: 2.3.0
    hash: 05ce2065a75813138d2c4ca1bab03e7a6f0541a2
  pkg-ntp:
    url: github.com/toitlang/pkg-ntp
    version: 1.0.0
    hash: 1c3cc4a4819f459393f00efc576f66f838665719
  semver:
    path: ../semver
  snapshot:
    path: ../tools/snapshot
    prefixes:
      ar: pkg-ar
      cli: pkg-cli
      fs: fs
      host: pkg-host
  toit-artemis:
    url: github.com/toitware/toit-artemis
    version: 0.1.1
    hash: 6e9a5abce9499a47bfd97277dae6ab71f1c65849
  toit-cert-roots:
    url: github.com/toitware/toit-cert-roots
    version: 1.4.0
    hash: bf41ee60ebba65ba01bc9ba1aa6d697e4cc4a8c7
  toit-protobuf:
    url: github.com/toitware/toit-protobuf
    version: 1.1.1
    hash: 4a67d1e3bf164c411c312a3d7528f24dd7da0583
  toit-supabase:
    url: github.com/toitware/toit-supabase
    version: 0.1.0
    hash: 460be4b6dd3af6fadecd4d0b2029afdb672035d5
    prefixes:
      host: pkg-host
      http: pkg-http
