prefixes:
  artemis: ..
  host: pkg-host
  mqtt: mqtt
packages:
  ..:
    path: ..
    prefixes:
      ar: pkg-ar
      certificate_roots: toit-cert-roots
      cli: pkg-cli
      host: pkg-host
      http: pkg-http
      mqtt: mqtt
      ntp: pkg-ntp
  mqtt:
    url: github.com/toitware/mqtt
    version: 2.0.4
    hash: 81cd43e7383eccdbf07360cda3d03e9b862fa280
  pkg-ar:
    url: github.com/toitlang/pkg-ar
    version: 1.0.0
    hash: 175bcdfd59b2597c0825ef8765a20498a7e6a2db
  pkg-cli:
    url: github.com/toitlang/pkg-cli
    version: 1.0.0
    hash: 01d8c8f76eef979ca455a760b3330f8f826fa881
  pkg-host:
    url: github.com/toitlang/pkg-host
    version: 1.7.1
    hash: 6b017ad10563263080bba6acde387ceebc13270b
  pkg-http:
    url: github.com/toitlang/pkg-http
    version: 1.9.2
    hash: ed76b55d2f853851414258ba44a6c02491dd5bfb
  pkg-ntp:
    url: github.com/toitlang/pkg-ntp
    version: 1.0.0
    hash: 1c3cc4a4819f459393f00efc576f66f838665719
  toit-cert-roots:
    url: github.com/toitware/toit-cert-roots
    version: 1.3.2
    hash: 288547039d8a3797330064e91d8c79ad16313545
