sdk: ^2.0.0-alpha.128
prefixes:
  host: pkg-host
  http: pkg-http
packages:
  pkg-host:
    url: github.com/toitlang/pkg-host
    name: host
    version: 1.14.1
    hash: da453fb59f7ef3d37f39e4b438495f7c16614733
  pkg-http:
    url: github.com/toitlang/pkg-http
    name: http
    version: 2.4.0
    hash: 210bf46e145f1c93fbe53f9a098950d81031ab49
