sdk: ^2.0.0-alpha.145
prefixes:
  host: pkg-host
  http: pkg-http
packages:
  pkg-host:
    url: github.com/toitlang/pkg-host
    name: host
    version: 1.15.3
    hash: 62393e8522b77eafbafe60b9817935266117daf6
  pkg-http:
    url: github.com/toitlang/pkg-http
    name: http
    version: 2.8.0
    hash: 81754d64fe466cd00cc494ec515da8749bf04975
