sdk: ^2.0.0-alpha.128
prefixes:
  host: pkg-host
  http: pkg-http
packages:
  pkg-host:
    url: github.com/toitlang/pkg-host
    name: host
    version: 1.14.1
    hash: da453fb59f7ef3d37f39e4b438495f7c16614733
  pkg-http:
    url: github.com/toitlang/pkg-http
    name: http
    version: 2.6.0
    hash: 97bdea9f0f0c78bd41d85d8ac071527caa76b09d
